
Microsoft Visual Studio Solution File, Format Version 12.00
# Visual Studio Version 17
VisualStudioVersion = 17.9.34607.119
MinimumVisualStudioVersion = 10.0.40219.1
Project("{FAE04EC0-301F-11D3-BF4B-00C04F79EFBC}") = "Api", "Api\Api.csproj", "{51AF6B1C-BF25-4103-9A7A-3CEE6E96C340}"
EndProject
Project("{FAE04EC0-301F-11D3-BF4B-00C04F79EFBC}") = "Api.Tests", "Api.Tests\Api.Tests.csproj", "{B78E20F2-9E87-4731-B0A1-35AAA3BE47F8}"
EndProject
Global
	GlobalSection(SolutionConfigurationPlatforms) = preSolution
		Debug|Any CPU = Debug|Any CPU
		Release|Any CPU = Release|Any CPU
	EndGlobalSection
	GlobalSection(ProjectConfigurationPlatforms) = postSolution
		{51AF6B1C-BF25-4103-9A7A-3CEE6E96C340}.Debug|Any CPU.ActiveCfg = Debug|Any CPU
		{51AF6B1C-BF25-4103-9A7A-3CEE6E96C340}.Debug|Any CPU.Build.0 = Debug|Any CPU
		{51AF6B1C-BF25-4103-9A7A-3CEE6E96C340}.Release|Any CPU.ActiveCfg = Release|Any CPU
		{51AF6B1C-BF25-4103-9A7A-3CEE6E96C340}.Release|Any CPU.Build.0 = Release|Any CPU
		{B78E20F2-9E87-4731-B0A1-35AAA3BE47F8}.Debug|Any CPU.ActiveCfg = Debug|Any CPU
		{B78E20F2-9E87-4731-B0A1-35AAA3BE47F8}.Debug|Any CPU.Build.0 = Debug|Any CPU
		{B78E20F2-9E87-4731-B0A1-35AAA3BE47F8}.Release|Any CPU.ActiveCfg = Release|Any CPU
		{B78E20F2-9E87-4731-B0A1-35AAA3BE47F8}.Release|Any CPU.Build.0 = Release|Any CPU
	EndGlobalSection
	GlobalSection(SolutionProperties) = preSolution
		HideSolutionNode = FALSE
	EndGlobalSection
	GlobalSection(ExtensibilityGlobals) = postSolution
		SolutionGuid = {D6D84302-5A54-4C62-A763-5B6431A79E93}
	EndGlobalSection
EndGlobal
